
Microsoft Visual Studio Solution File, Format Version 12.00
# Visual Studio Version 16
VisualStudioVersion = 16.0.30002.166
MinimumVisualStudioVersion = 10.0.40219.1
Project("{FAE04EC0-301F-11D3-BF4B-00C04F79EFBC}") = "HelloWPF", "HelloWPF\HelloWPF.csproj", "{661052CF-7EFB-47BF-963F-DD2D98A0D38D}"
EndProject
Global
	GlobalSection(SolutionConfigurationPlatforms) = preSolution
		Debug|Any CPU = Debug|Any CPU
		Release|Any CPU = Release|Any CPU
	EndGlobalSection
	GlobalSection(ProjectConfigurationPlatforms) = postSolution
		{661052CF-7EFB-47BF-963F-DD2D98A0D38D}.Debug|Any CPU.ActiveCfg = Debug|Any CPU
		{661052CF-7EFB-47BF-963F-DD2D98A0D38D}.Debug|Any CPU.Build.0 = Debug|Any CPU
		{661052CF-7EFB-47BF-963F-DD2D98A0D38D}.Release|Any CPU.ActiveCfg = Release|Any CPU
		{661052CF-7EFB-47BF-963F-DD2D98A0D38D}.Release|Any CPU.Build.0 = Release|Any CPU
	EndGlobalSection
	GlobalSection(SolutionProperties) = preSolution
		HideSolutionNode = FALSE
	EndGlobalSection
	GlobalSection(ExtensibilityGlobals) = postSolution
		SolutionGuid = {8DEB76BC-FBD0-4211-B1AA-BA6F3C2DA172}
	EndGlobalSection
EndGlobal
